
Microsoft Visual Studio Solution File, Format Version 12.00
# Visual Studio 15
VisualStudioVersion = 15.0.28307.168
MinimumVisualStudioVersion = 10.0.40219.1
Project("{FAE04EC0-301F-11D3-BF4B-00C04F79EFBC}") = "메세지필터링", "메세지필터링\메세지필터링.csproj", "{B153E8AA-FEAB-4CE1-9F58-E1C939A98DDB}"
EndProject
Global
	GlobalSection(SolutionConfigurationPlatforms) = preSolution
		Debug|Any CPU = Debug|Any CPU
		Release|Any CPU = Release|Any CPU
	EndGlobalSection
	GlobalSection(ProjectConfigurationPlatforms) = postSolution
		{B153E8AA-FEAB-4CE1-9F58-E1C939A98DDB}.Debug|Any CPU.ActiveCfg = Debug|Any CPU
		{B153E8AA-FEAB-4CE1-9F58-E1C939A98DDB}.Debug|Any CPU.Build.0 = Debug|Any CPU
		{B153E8AA-FEAB-4CE1-9F58-E1C939A98DDB}.Release|Any CPU.ActiveCfg = Release|Any CPU
		{B153E8AA-FEAB-4CE1-9F58-E1C939A98DDB}.Release|Any CPU.Build.0 = Release|Any CPU
	EndGlobalSection
	GlobalSection(SolutionProperties) = preSolution
		HideSolutionNode = FALSE
	EndGlobalSection
	GlobalSection(ExtensibilityGlobals) = postSolution
		SolutionGuid = {61307487-91E1-4942-9275-7629C1F744F5}
	EndGlobalSection
EndGlobal
