
Microsoft Visual Studio Solution File, Format Version 12.00
# Visual Studio 15
VisualStudioVersion = 15.0.28307.168
MinimumVisualStudioVersion = 10.0.40219.1
Project("{FAE04EC0-301F-11D3-BF4B-00C04F79EFBC}") = "Client2", "Client2\Client2.csproj", "{77A896A6-4FEB-4E28-B1AB-6CE404B0D9E4}"
EndProject
Global
	GlobalSection(SolutionConfigurationPlatforms) = preSolution
		Debug|Any CPU = Debug|Any CPU
		Release|Any CPU = Release|Any CPU
	EndGlobalSection
	GlobalSection(ProjectConfigurationPlatforms) = postSolution
		{77A896A6-4FEB-4E28-B1AB-6CE404B0D9E4}.Debug|Any CPU.ActiveCfg = Debug|Any CPU
		{77A896A6-4FEB-4E28-B1AB-6CE404B0D9E4}.Debug|Any CPU.Build.0 = Debug|Any CPU
		{77A896A6-4FEB-4E28-B1AB-6CE404B0D9E4}.Release|Any CPU.ActiveCfg = Release|Any CPU
		{77A896A6-4FEB-4E28-B1AB-6CE404B0D9E4}.Release|Any CPU.Build.0 = Release|Any CPU
	EndGlobalSection
	GlobalSection(SolutionProperties) = preSolution
		HideSolutionNode = FALSE
	EndGlobalSection
	GlobalSection(ExtensibilityGlobals) = postSolution
		SolutionGuid = {11F09248-7135-45BB-AE9B-B77299A8E324}
	EndGlobalSection
EndGlobal
