
Microsoft Visual Studio Solution File, Format Version 12.00
# Visual Studio 15
VisualStudioVersion = 15.0.28307.168
MinimumVisualStudioVersion = 10.0.40219.1
Project("{FAE04EC0-301F-11D3-BF4B-00C04F79EFBC}") = "OperatorOverload", "OperatorOverload\OperatorOverload.csproj", "{7450D0FB-6A18-4260-8638-E41AB72C39B9}"
EndProject
Global
	GlobalSection(SolutionConfigurationPlatforms) = preSolution
		Debug|Any CPU = Debug|Any CPU
		Release|Any CPU = Release|Any CPU
	EndGlobalSection
	GlobalSection(ProjectConfigurationPlatforms) = postSolution
		{7450D0FB-6A18-4260-8638-E41AB72C39B9}.Debug|Any CPU.ActiveCfg = Debug|Any CPU
		{7450D0FB-6A18-4260-8638-E41AB72C39B9}.Debug|Any CPU.Build.0 = Debug|Any CPU
		{7450D0FB-6A18-4260-8638-E41AB72C39B9}.Release|Any CPU.ActiveCfg = Release|Any CPU
		{7450D0FB-6A18-4260-8638-E41AB72C39B9}.Release|Any CPU.Build.0 = Release|Any CPU
	EndGlobalSection
	GlobalSection(SolutionProperties) = preSolution
		HideSolutionNode = FALSE
	EndGlobalSection
	GlobalSection(ExtensibilityGlobals) = postSolution
		SolutionGuid = {6BD811B0-6E71-4F73-AEDA-F08B3CEEBA10}
	EndGlobalSection
EndGlobal
