
Microsoft Visual Studio Solution File, Format Version 12.00
# Visual Studio 15
VisualStudioVersion = 15.0.28307.168
MinimumVisualStudioVersion = 10.0.40219.1
Project("{FAE04EC0-301F-11D3-BF4B-00C04F79EFBC}") = "문제4", "문제4\문제4.csproj", "{12762C7D-7ACC-4E9B-8B05-45F038219FAC}"
EndProject
Global
	GlobalSection(SolutionConfigurationPlatforms) = preSolution
		Debug|Any CPU = Debug|Any CPU
		Release|Any CPU = Release|Any CPU
	EndGlobalSection
	GlobalSection(ProjectConfigurationPlatforms) = postSolution
		{12762C7D-7ACC-4E9B-8B05-45F038219FAC}.Debug|Any CPU.ActiveCfg = Debug|Any CPU
		{12762C7D-7ACC-4E9B-8B05-45F038219FAC}.Debug|Any CPU.Build.0 = Debug|Any CPU
		{12762C7D-7ACC-4E9B-8B05-45F038219FAC}.Release|Any CPU.ActiveCfg = Release|Any CPU
		{12762C7D-7ACC-4E9B-8B05-45F038219FAC}.Release|Any CPU.Build.0 = Release|Any CPU
	EndGlobalSection
	GlobalSection(SolutionProperties) = preSolution
		HideSolutionNode = FALSE
	EndGlobalSection
	GlobalSection(ExtensibilityGlobals) = postSolution
		SolutionGuid = {EE459777-575E-4CB3-A8DE-CC9F833B4C13}
	EndGlobalSection
EndGlobal
