
Microsoft Visual Studio Solution File, Format Version 12.00
# Visual Studio 15
VisualStudioVersion = 15.0.28307.168
MinimumVisualStudioVersion = 10.0.40219.1
Project("{FAE04EC0-301F-11D3-BF4B-00C04F79EFBC}") = "델리게이트예제2", "델리게이트예제2\델리게이트예제2.csproj", "{3D89B300-9860-4E4D-AF2F-60C4C0DB4026}"
EndProject
Global
	GlobalSection(SolutionConfigurationPlatforms) = preSolution
		Debug|Any CPU = Debug|Any CPU
		Release|Any CPU = Release|Any CPU
	EndGlobalSection
	GlobalSection(ProjectConfigurationPlatforms) = postSolution
		{3D89B300-9860-4E4D-AF2F-60C4C0DB4026}.Debug|Any CPU.ActiveCfg = Debug|Any CPU
		{3D89B300-9860-4E4D-AF2F-60C4C0DB4026}.Debug|Any CPU.Build.0 = Debug|Any CPU
		{3D89B300-9860-4E4D-AF2F-60C4C0DB4026}.Release|Any CPU.ActiveCfg = Release|Any CPU
		{3D89B300-9860-4E4D-AF2F-60C4C0DB4026}.Release|Any CPU.Build.0 = Release|Any CPU
	EndGlobalSection
	GlobalSection(SolutionProperties) = preSolution
		HideSolutionNode = FALSE
	EndGlobalSection
	GlobalSection(ExtensibilityGlobals) = postSolution
		SolutionGuid = {730270BC-C2F6-4B19-BA19-64D3C477E79E}
	EndGlobalSection
EndGlobal
