
Microsoft Visual Studio Solution File, Format Version 12.00
# Visual Studio 15
VisualStudioVersion = 15.0.28307.329
MinimumVisualStudioVersion = 10.0.40219.1
Project("{FAE04EC0-301F-11D3-BF4B-00C04F79EFBC}") = "2DayEx6", "2DayEx6\2DayEx6.csproj", "{20787EAE-5FB4-4260-BE53-B2017734CBEF}"
EndProject
Global
	GlobalSection(SolutionConfigurationPlatforms) = preSolution
		Debug|Any CPU = Debug|Any CPU
		Release|Any CPU = Release|Any CPU
	EndGlobalSection
	GlobalSection(ProjectConfigurationPlatforms) = postSolution
		{20787EAE-5FB4-4260-BE53-B2017734CBEF}.Debug|Any CPU.ActiveCfg = Debug|Any CPU
		{20787EAE-5FB4-4260-BE53-B2017734CBEF}.Debug|Any CPU.Build.0 = Debug|Any CPU
		{20787EAE-5FB4-4260-BE53-B2017734CBEF}.Release|Any CPU.ActiveCfg = Release|Any CPU
		{20787EAE-5FB4-4260-BE53-B2017734CBEF}.Release|Any CPU.Build.0 = Release|Any CPU
	EndGlobalSection
	GlobalSection(SolutionProperties) = preSolution
		HideSolutionNode = FALSE
	EndGlobalSection
	GlobalSection(ExtensibilityGlobals) = postSolution
		SolutionGuid = {58CEE182-38C6-4D95-AC00-DDD057B0E269}
	EndGlobalSection
EndGlobal
