
Microsoft Visual Studio Solution File, Format Version 12.00
# Visual Studio 15
VisualStudioVersion = 15.0.28307.168
MinimumVisualStudioVersion = 10.0.40219.1
Project("{FAE04EC0-301F-11D3-BF4B-00C04F79EFBC}") = "윈폼4", "윈폼4\윈폼4.csproj", "{044B73EA-0972-4F50-8B9A-D51A25650F17}"
EndProject
Global
	GlobalSection(SolutionConfigurationPlatforms) = preSolution
		Debug|Any CPU = Debug|Any CPU
		Release|Any CPU = Release|Any CPU
	EndGlobalSection
	GlobalSection(ProjectConfigurationPlatforms) = postSolution
		{044B73EA-0972-4F50-8B9A-D51A25650F17}.Debug|Any CPU.ActiveCfg = Debug|Any CPU
		{044B73EA-0972-4F50-8B9A-D51A25650F17}.Debug|Any CPU.Build.0 = Debug|Any CPU
		{044B73EA-0972-4F50-8B9A-D51A25650F17}.Release|Any CPU.ActiveCfg = Release|Any CPU
		{044B73EA-0972-4F50-8B9A-D51A25650F17}.Release|Any CPU.Build.0 = Release|Any CPU
	EndGlobalSection
	GlobalSection(SolutionProperties) = preSolution
		HideSolutionNode = FALSE
	EndGlobalSection
	GlobalSection(ExtensibilityGlobals) = postSolution
		SolutionGuid = {37FF8CB6-D80C-4011-8B90-0A38758DD934}
	EndGlobalSection
EndGlobal
