
Microsoft Visual Studio Solution File, Format Version 12.00
# Visual Studio 15
VisualStudioVersion = 15.0.28307.168
MinimumVisualStudioVersion = 10.0.40219.1
Project("{FAE04EC0-301F-11D3-BF4B-00C04F79EFBC}") = "이벤트만들기", "이벤트만들기\이벤트만들기.csproj", "{C769D459-9BFB-4631-BE6E-34103029EF30}"
EndProject
Global
	GlobalSection(SolutionConfigurationPlatforms) = preSolution
		Debug|Any CPU = Debug|Any CPU
		Release|Any CPU = Release|Any CPU
	EndGlobalSection
	GlobalSection(ProjectConfigurationPlatforms) = postSolution
		{C769D459-9BFB-4631-BE6E-34103029EF30}.Debug|Any CPU.ActiveCfg = Debug|Any CPU
		{C769D459-9BFB-4631-BE6E-34103029EF30}.Debug|Any CPU.Build.0 = Debug|Any CPU
		{C769D459-9BFB-4631-BE6E-34103029EF30}.Release|Any CPU.ActiveCfg = Release|Any CPU
		{C769D459-9BFB-4631-BE6E-34103029EF30}.Release|Any CPU.Build.0 = Release|Any CPU
	EndGlobalSection
	GlobalSection(SolutionProperties) = preSolution
		HideSolutionNode = FALSE
	EndGlobalSection
	GlobalSection(ExtensibilityGlobals) = postSolution
		SolutionGuid = {C57BCAA9-CD24-4C75-A20E-155A3F786A2E}
	EndGlobalSection
EndGlobal
