
Microsoft Visual Studio Solution File, Format Version 12.00
# Visual Studio 15
VisualStudioVersion = 15.0.28307.168
MinimumVisualStudioVersion = 10.0.40219.1
Project("{FAE04EC0-301F-11D3-BF4B-00C04F79EFBC}") = "Ex6", "Ex6\Ex6.csproj", "{4F8B3061-5F61-4858-A525-9A000B33D945}"
EndProject
Global
	GlobalSection(SolutionConfigurationPlatforms) = preSolution
		Debug|Any CPU = Debug|Any CPU
		Release|Any CPU = Release|Any CPU
	EndGlobalSection
	GlobalSection(ProjectConfigurationPlatforms) = postSolution
		{4F8B3061-5F61-4858-A525-9A000B33D945}.Debug|Any CPU.ActiveCfg = Debug|Any CPU
		{4F8B3061-5F61-4858-A525-9A000B33D945}.Debug|Any CPU.Build.0 = Debug|Any CPU
		{4F8B3061-5F61-4858-A525-9A000B33D945}.Release|Any CPU.ActiveCfg = Release|Any CPU
		{4F8B3061-5F61-4858-A525-9A000B33D945}.Release|Any CPU.Build.0 = Release|Any CPU
	EndGlobalSection
	GlobalSection(SolutionProperties) = preSolution
		HideSolutionNode = FALSE
	EndGlobalSection
	GlobalSection(ExtensibilityGlobals) = postSolution
		SolutionGuid = {4A3FA03A-DFB4-4CFF-919D-D4D092687F2A}
	EndGlobalSection
EndGlobal
