
Microsoft Visual Studio Solution File, Format Version 12.00
# Visual Studio 15
VisualStudioVersion = 15.0.28307.168
MinimumVisualStudioVersion = 10.0.40219.1
Project("{FAE04EC0-301F-11D3-BF4B-00C04F79EFBC}") = "Server2", "Server2\Server2.csproj", "{D6FA440F-B4F5-46DA-924F-F4B032ADA3F0}"
EndProject
Global
	GlobalSection(SolutionConfigurationPlatforms) = preSolution
		Debug|Any CPU = Debug|Any CPU
		Release|Any CPU = Release|Any CPU
	EndGlobalSection
	GlobalSection(ProjectConfigurationPlatforms) = postSolution
		{D6FA440F-B4F5-46DA-924F-F4B032ADA3F0}.Debug|Any CPU.ActiveCfg = Debug|Any CPU
		{D6FA440F-B4F5-46DA-924F-F4B032ADA3F0}.Debug|Any CPU.Build.0 = Debug|Any CPU
		{D6FA440F-B4F5-46DA-924F-F4B032ADA3F0}.Release|Any CPU.ActiveCfg = Release|Any CPU
		{D6FA440F-B4F5-46DA-924F-F4B032ADA3F0}.Release|Any CPU.Build.0 = Release|Any CPU
	EndGlobalSection
	GlobalSection(SolutionProperties) = preSolution
		HideSolutionNode = FALSE
	EndGlobalSection
	GlobalSection(ExtensibilityGlobals) = postSolution
		SolutionGuid = {2758C290-4596-4451-BC57-000F3FB17FAE}
	EndGlobalSection
EndGlobal
