
Microsoft Visual Studio Solution File, Format Version 12.00
# Visual Studio 15
VisualStudioVersion = 15.0.28307.168
MinimumVisualStudioVersion = 10.0.40219.1
Project("{FAE04EC0-301F-11D3-BF4B-00C04F79EFBC}") = "Emp 추상클래스 문제", "Emp 추상클래스 무넺\Emp 추상클래스 문제.csproj", "{BC60654A-7DF7-4848-8920-8859EF66F6F2}"
EndProject
Global
	GlobalSection(SolutionConfigurationPlatforms) = preSolution
		Debug|Any CPU = Debug|Any CPU
		Release|Any CPU = Release|Any CPU
	EndGlobalSection
	GlobalSection(ProjectConfigurationPlatforms) = postSolution
		{BC60654A-7DF7-4848-8920-8859EF66F6F2}.Debug|Any CPU.ActiveCfg = Debug|Any CPU
		{BC60654A-7DF7-4848-8920-8859EF66F6F2}.Debug|Any CPU.Build.0 = Debug|Any CPU
		{BC60654A-7DF7-4848-8920-8859EF66F6F2}.Release|Any CPU.ActiveCfg = Release|Any CPU
		{BC60654A-7DF7-4848-8920-8859EF66F6F2}.Release|Any CPU.Build.0 = Release|Any CPU
	EndGlobalSection
	GlobalSection(SolutionProperties) = preSolution
		HideSolutionNode = FALSE
	EndGlobalSection
	GlobalSection(ExtensibilityGlobals) = postSolution
		SolutionGuid = {319A64BA-B539-4A22-AC93-57AF76C6EBDF}
	EndGlobalSection
EndGlobal
