
Microsoft Visual Studio Solution File, Format Version 12.00
# Visual Studio 15
VisualStudioVersion = 15.0.28307.329
MinimumVisualStudioVersion = 10.0.40219.1
Project("{FAE04EC0-301F-11D3-BF4B-00C04F79EFBC}") = "문제9", "문제9\문제9.csproj", "{D126E9AD-DE4B-407B-8DB5-4DF9F673798D}"
EndProject
Global
	GlobalSection(SolutionConfigurationPlatforms) = preSolution
		Debug|Any CPU = Debug|Any CPU
		Release|Any CPU = Release|Any CPU
	EndGlobalSection
	GlobalSection(ProjectConfigurationPlatforms) = postSolution
		{D126E9AD-DE4B-407B-8DB5-4DF9F673798D}.Debug|Any CPU.ActiveCfg = Debug|Any CPU
		{D126E9AD-DE4B-407B-8DB5-4DF9F673798D}.Debug|Any CPU.Build.0 = Debug|Any CPU
		{D126E9AD-DE4B-407B-8DB5-4DF9F673798D}.Release|Any CPU.ActiveCfg = Release|Any CPU
		{D126E9AD-DE4B-407B-8DB5-4DF9F673798D}.Release|Any CPU.Build.0 = Release|Any CPU
	EndGlobalSection
	GlobalSection(SolutionProperties) = preSolution
		HideSolutionNode = FALSE
	EndGlobalSection
	GlobalSection(ExtensibilityGlobals) = postSolution
		SolutionGuid = {FF80B374-E097-4BA7-9401-0EF5190247D7}
	EndGlobalSection
EndGlobal
