
Microsoft Visual Studio Solution File, Format Version 12.00
# Visual Studio 15
VisualStudioVersion = 15.0.28307.168
MinimumVisualStudioVersion = 10.0.40219.1
Project("{FAE04EC0-301F-11D3-BF4B-00C04F79EFBC}") = "EmpTest", "EmpTest\EmpTest.csproj", "{DD366F2F-E094-448C-869B-226BF08EED68}"
EndProject
Global
	GlobalSection(SolutionConfigurationPlatforms) = preSolution
		Debug|Any CPU = Debug|Any CPU
		Release|Any CPU = Release|Any CPU
	EndGlobalSection
	GlobalSection(ProjectConfigurationPlatforms) = postSolution
		{DD366F2F-E094-448C-869B-226BF08EED68}.Debug|Any CPU.ActiveCfg = Debug|Any CPU
		{DD366F2F-E094-448C-869B-226BF08EED68}.Debug|Any CPU.Build.0 = Debug|Any CPU
		{DD366F2F-E094-448C-869B-226BF08EED68}.Release|Any CPU.ActiveCfg = Release|Any CPU
		{DD366F2F-E094-448C-869B-226BF08EED68}.Release|Any CPU.Build.0 = Release|Any CPU
	EndGlobalSection
	GlobalSection(SolutionProperties) = preSolution
		HideSolutionNode = FALSE
	EndGlobalSection
	GlobalSection(ExtensibilityGlobals) = postSolution
		SolutionGuid = {C0B7711D-D961-442E-AF91-983BA196BE2A}
	EndGlobalSection
EndGlobal
