
Microsoft Visual Studio Solution File, Format Version 12.00
# Visual Studio 15
VisualStudioVersion = 15.0.28307.168
MinimumVisualStudioVersion = 10.0.40219.1
Project("{FAE04EC0-301F-11D3-BF4B-00C04F79EFBC}") = "이벤트", "이벤트\이벤트.csproj", "{4284B3D5-C4DF-455C-BBFF-3BA2A85C5C0A}"
EndProject
Global
	GlobalSection(SolutionConfigurationPlatforms) = preSolution
		Debug|Any CPU = Debug|Any CPU
		Release|Any CPU = Release|Any CPU
	EndGlobalSection
	GlobalSection(ProjectConfigurationPlatforms) = postSolution
		{4284B3D5-C4DF-455C-BBFF-3BA2A85C5C0A}.Debug|Any CPU.ActiveCfg = Debug|Any CPU
		{4284B3D5-C4DF-455C-BBFF-3BA2A85C5C0A}.Debug|Any CPU.Build.0 = Debug|Any CPU
		{4284B3D5-C4DF-455C-BBFF-3BA2A85C5C0A}.Release|Any CPU.ActiveCfg = Release|Any CPU
		{4284B3D5-C4DF-455C-BBFF-3BA2A85C5C0A}.Release|Any CPU.Build.0 = Release|Any CPU
	EndGlobalSection
	GlobalSection(SolutionProperties) = preSolution
		HideSolutionNode = FALSE
	EndGlobalSection
	GlobalSection(ExtensibilityGlobals) = postSolution
		SolutionGuid = {E8F61865-1991-47AF-85DF-99D869A91DE4}
	EndGlobalSection
EndGlobal
