
Microsoft Visual Studio Solution File, Format Version 12.00
# Visual Studio 15
VisualStudioVersion = 15.0.28307.168
MinimumVisualStudioVersion = 10.0.40219.1
Project("{FAE04EC0-301F-11D3-BF4B-00C04F79EFBC}") = "SumMain", "SumMain\SumMain.csproj", "{CACE3CA4-D70D-44A9-AF3C-2C784A8174BE}"
EndProject
Global
	GlobalSection(SolutionConfigurationPlatforms) = preSolution
		Debug|Any CPU = Debug|Any CPU
		Release|Any CPU = Release|Any CPU
	EndGlobalSection
	GlobalSection(ProjectConfigurationPlatforms) = postSolution
		{CACE3CA4-D70D-44A9-AF3C-2C784A8174BE}.Debug|Any CPU.ActiveCfg = Debug|Any CPU
		{CACE3CA4-D70D-44A9-AF3C-2C784A8174BE}.Debug|Any CPU.Build.0 = Debug|Any CPU
		{CACE3CA4-D70D-44A9-AF3C-2C784A8174BE}.Release|Any CPU.ActiveCfg = Release|Any CPU
		{CACE3CA4-D70D-44A9-AF3C-2C784A8174BE}.Release|Any CPU.Build.0 = Release|Any CPU
	EndGlobalSection
	GlobalSection(SolutionProperties) = preSolution
		HideSolutionNode = FALSE
	EndGlobalSection
	GlobalSection(ExtensibilityGlobals) = postSolution
		SolutionGuid = {8FE485A6-8877-4A26-A0FA-50CCC901927A}
	EndGlobalSection
EndGlobal
