
Microsoft Visual Studio Solution File, Format Version 12.00
# Visual Studio 15
VisualStudioVersion = 15.0.28307.168
MinimumVisualStudioVersion = 10.0.40219.1
Project("{FAE04EC0-301F-11D3-BF4B-00C04F79EFBC}") = "AddrBook", "AddrBook\AddrBook.csproj", "{711C2A8B-E7A6-4A08-86CF-CA13B64DBECE}"
EndProject
Global
	GlobalSection(SolutionConfigurationPlatforms) = preSolution
		Debug|Any CPU = Debug|Any CPU
		Release|Any CPU = Release|Any CPU
	EndGlobalSection
	GlobalSection(ProjectConfigurationPlatforms) = postSolution
		{711C2A8B-E7A6-4A08-86CF-CA13B64DBECE}.Debug|Any CPU.ActiveCfg = Debug|Any CPU
		{711C2A8B-E7A6-4A08-86CF-CA13B64DBECE}.Debug|Any CPU.Build.0 = Debug|Any CPU
		{711C2A8B-E7A6-4A08-86CF-CA13B64DBECE}.Release|Any CPU.ActiveCfg = Release|Any CPU
		{711C2A8B-E7A6-4A08-86CF-CA13B64DBECE}.Release|Any CPU.Build.0 = Release|Any CPU
	EndGlobalSection
	GlobalSection(SolutionProperties) = preSolution
		HideSolutionNode = FALSE
	EndGlobalSection
	GlobalSection(ExtensibilityGlobals) = postSolution
		SolutionGuid = {6CD75344-2DE1-4412-BD93-657862DCDD87}
	EndGlobalSection
EndGlobal
