
Microsoft Visual Studio Solution File, Format Version 12.00
# Visual Studio 15
VisualStudioVersion = 15.0.28307.168
MinimumVisualStudioVersion = 10.0.40219.1
Project("{FAE04EC0-301F-11D3-BF4B-00C04F79EFBC}") = "선택적인수", "선택적인수\선택적인수.csproj", "{5819E890-9E95-4CB4-B110-F6A92598D195}"
EndProject
Global
	GlobalSection(SolutionConfigurationPlatforms) = preSolution
		Debug|Any CPU = Debug|Any CPU
		Release|Any CPU = Release|Any CPU
	EndGlobalSection
	GlobalSection(ProjectConfigurationPlatforms) = postSolution
		{5819E890-9E95-4CB4-B110-F6A92598D195}.Debug|Any CPU.ActiveCfg = Debug|Any CPU
		{5819E890-9E95-4CB4-B110-F6A92598D195}.Debug|Any CPU.Build.0 = Debug|Any CPU
		{5819E890-9E95-4CB4-B110-F6A92598D195}.Release|Any CPU.ActiveCfg = Release|Any CPU
		{5819E890-9E95-4CB4-B110-F6A92598D195}.Release|Any CPU.Build.0 = Release|Any CPU
	EndGlobalSection
	GlobalSection(SolutionProperties) = preSolution
		HideSolutionNode = FALSE
	EndGlobalSection
	GlobalSection(ExtensibilityGlobals) = postSolution
		SolutionGuid = {C44E3CFA-05C1-4779-BD13-401BA55FF180}
	EndGlobalSection
EndGlobal
