
Microsoft Visual Studio Solution File, Format Version 12.00
# Visual Studio 15
VisualStudioVersion = 15.0.28307.168
MinimumVisualStudioVersion = 10.0.40219.1
Project("{FAE04EC0-301F-11D3-BF4B-00C04F79EFBC}") = "Ex1", "Ex1\Ex1.csproj", "{F71A852D-BA8D-4124-8B3D-C30E208D963C}"
EndProject
Global
	GlobalSection(SolutionConfigurationPlatforms) = preSolution
		Debug|Any CPU = Debug|Any CPU
		Release|Any CPU = Release|Any CPU
	EndGlobalSection
	GlobalSection(ProjectConfigurationPlatforms) = postSolution
		{F71A852D-BA8D-4124-8B3D-C30E208D963C}.Debug|Any CPU.ActiveCfg = Debug|Any CPU
		{F71A852D-BA8D-4124-8B3D-C30E208D963C}.Debug|Any CPU.Build.0 = Debug|Any CPU
		{F71A852D-BA8D-4124-8B3D-C30E208D963C}.Release|Any CPU.ActiveCfg = Release|Any CPU
		{F71A852D-BA8D-4124-8B3D-C30E208D963C}.Release|Any CPU.Build.0 = Release|Any CPU
	EndGlobalSection
	GlobalSection(SolutionProperties) = preSolution
		HideSolutionNode = FALSE
	EndGlobalSection
	GlobalSection(ExtensibilityGlobals) = postSolution
		SolutionGuid = {C1E0B707-C86E-43BD-BDAF-DA4934D12845}
	EndGlobalSection
EndGlobal
