
Microsoft Visual Studio Solution File, Format Version 12.00
# Visual Studio 15
VisualStudioVersion = 15.0.28307.168
MinimumVisualStudioVersion = 10.0.40219.1
Project("{FAE04EC0-301F-11D3-BF4B-00C04F79EFBC}") = "델레게이트 심화예제", "델레게이트 심화예제\델레게이트 심화예제.csproj", "{99CB0D20-049D-461E-8D5A-84EB5D1B98A0}"
EndProject
Global
	GlobalSection(SolutionConfigurationPlatforms) = preSolution
		Debug|Any CPU = Debug|Any CPU
		Release|Any CPU = Release|Any CPU
	EndGlobalSection
	GlobalSection(ProjectConfigurationPlatforms) = postSolution
		{99CB0D20-049D-461E-8D5A-84EB5D1B98A0}.Debug|Any CPU.ActiveCfg = Debug|Any CPU
		{99CB0D20-049D-461E-8D5A-84EB5D1B98A0}.Debug|Any CPU.Build.0 = Debug|Any CPU
		{99CB0D20-049D-461E-8D5A-84EB5D1B98A0}.Release|Any CPU.ActiveCfg = Release|Any CPU
		{99CB0D20-049D-461E-8D5A-84EB5D1B98A0}.Release|Any CPU.Build.0 = Release|Any CPU
	EndGlobalSection
	GlobalSection(SolutionProperties) = preSolution
		HideSolutionNode = FALSE
	EndGlobalSection
	GlobalSection(ExtensibilityGlobals) = postSolution
		SolutionGuid = {BEB09059-9093-4527-A79C-5DCD5338B5A2}
	EndGlobalSection
EndGlobal
